Microsoft Visual Studio Solution File, Format Version 12.00
# Visual Studio Version 17
VisualStudioVersion = 17.5.2.0
MinimumVisualStudioVersion = 10.0.40219.1
Project("{FAE04EC0-301F-11D3-BF4B-00C04F79EFBC}") = "Ceng382Week5", "Ceng382Week5.csproj", "{4F2A785B-C37F-6C6A-198A-E839D0138154}"
EndProject
Global
	GlobalSection(SolutionConfigurationPlatforms) = preSolution
		Debug|Any CPU = Debug|Any CPU
		Release|Any CPU = Release|Any CPU
	EndGlobalSection
	GlobalSection(ProjectConfigurationPlatforms) = postSolution
		{4F2A785B-C37F-6C6A-198A-E839D0138154}.Debug|Any CPU.ActiveCfg = Debug|Any CPU
		{4F2A785B-C37F-6C6A-198A-E839D0138154}.Debug|Any CPU.Build.0 = Debug|Any CPU
		{4F2A785B-C37F-6C6A-198A-E839D0138154}.Release|Any CPU.ActiveCfg = Release|Any CPU
		{4F2A785B-C37F-6C6A-198A-E839D0138154}.Release|Any CPU.Build.0 = Release|Any CPU
	EndGlobalSection
	GlobalSection(SolutionProperties) = preSolution
		HideSolutionNode = FALSE
	EndGlobalSection
	GlobalSection(ExtensibilityGlobals) = postSolution
		SolutionGuid = {6FC3DBA8-645D-4074-90B4-81E1EF37F100}
	EndGlobalSection
EndGlobal
